
Microsoft Visual Studio Solution File, Format Version 12.00
# Visual Studio 15
VisualStudioVersion = 15.0.28307.1500
MinimumVisualStudioVersion = 10.0.40219.1
Project("{FAE04EC0-301F-11D3-BF4B-00C04F79EFBC}") = "Exercicio_Fixacao_Membros_Estaticos", "Exercicio_Fixacao_Membros_Estaticos\Exercicio_Fixacao_Membros_Estaticos.csproj", "{DE994054-DAD6-4376-87D3-28D71266FF75}"
EndProject
Global
	GlobalSection(SolutionConfigurationPlatforms) = preSolution
		Debug|Any CPU = Debug|Any CPU
		Release|Any CPU = Release|Any CPU
	EndGlobalSection
	GlobalSection(ProjectConfigurationPlatforms) = postSolution
		{DE994054-DAD6-4376-87D3-28D71266FF75}.Debug|Any CPU.ActiveCfg = Debug|Any CPU
		{DE994054-DAD6-4376-87D3-28D71266FF75}.Debug|Any CPU.Build.0 = Debug|Any CPU
		{DE994054-DAD6-4376-87D3-28D71266FF75}.Release|Any CPU.ActiveCfg = Release|Any CPU
		{DE994054-DAD6-4376-87D3-28D71266FF75}.Release|Any CPU.Build.0 = Release|Any CPU
	EndGlobalSection
	GlobalSection(SolutionProperties) = preSolution
		HideSolutionNode = FALSE
	EndGlobalSection
	GlobalSection(ExtensibilityGlobals) = postSolution
		SolutionGuid = {E2EE7A1E-DC84-4D48-87AB-8ADCDBA07B12}
	EndGlobalSection
EndGlobal
